
Microsoft Visual Studio Solution File, Format Version 12.00
# Visual Studio Version 18
VisualStudioVersion = 18.0.11222.15 d18.0
MinimumVisualStudioVersion = 10.0.40219.1
Project("{FAE04EC0-301F-11D3-BF4B-00C04F79EFBC}") = "KikiCourierService", "KikiCourierService.csproj", "{E9EB7EBA-489D-4F4B-B95F-8B019464D9ED}"
EndProject
Project("{FAE04EC0-301F-11D3-BF4B-00C04F79EFBC}") = "KikiCourierService.Services", "..\KikiCourierService.Services\KikiCourierService.Services.csproj", "{3919A452-19CA-4CBE-9A7F-5D3F23F8FD78}"
EndProject
Project("{FAE04EC0-301F-11D3-BF4B-00C04F79EFBC}") = "KikiCourierService.Models", "..\KikiCourierService.Models\KikiCourierService.Models.csproj", "{EA98B493-B30C-4757-B329-88F7A8001F53}"
EndProject
Project("{FAE04EC0-301F-11D3-BF4B-00C04F79EFBC}") = "KikiCourierService.Interfaces", "..\KikiCourierService.Interfaces\KikiCourierService.Interfaces.csproj", "{F854A7A8-8ACA-4EE4-987B-C365FEED1061}"
EndProject
Project("{FAE04EC0-301F-11D3-BF4B-00C04F79EFBC}") = "KikiCourierService.Tests", "..\KikiCourierService.Tests\KikiCourierService.Tests.csproj", "{687E0F73-392C-4DAC-BA7A-F9C9BED54CF5}"
EndProject
Global
	GlobalSection(SolutionConfigurationPlatforms) = preSolution
		Debug|Any CPU = Debug|Any CPU
		Release|Any CPU = Release|Any CPU
	EndGlobalSection
	GlobalSection(ProjectConfigurationPlatforms) = postSolution
		{E9EB7EBA-489D-4F4B-B95F-8B019464D9ED}.Debug|Any CPU.ActiveCfg = Debug|Any CPU
		{E9EB7EBA-489D-4F4B-B95F-8B019464D9ED}.Debug|Any CPU.Build.0 = Debug|Any CPU
		{E9EB7EBA-489D-4F4B-B95F-8B019464D9ED}.Release|Any CPU.ActiveCfg = Release|Any CPU
		{E9EB7EBA-489D-4F4B-B95F-8B019464D9ED}.Release|Any CPU.Build.0 = Release|Any CPU
		{3919A452-19CA-4CBE-9A7F-5D3F23F8FD78}.Debug|Any CPU.ActiveCfg = Debug|Any CPU
		{3919A452-19CA-4CBE-9A7F-5D3F23F8FD78}.Debug|Any CPU.Build.0 = Debug|Any CPU
		{3919A452-19CA-4CBE-9A7F-5D3F23F8FD78}.Release|Any CPU.ActiveCfg = Release|Any CPU
		{3919A452-19CA-4CBE-9A7F-5D3F23F8FD78}.Release|Any CPU.Build.0 = Release|Any CPU
		{EA98B493-B30C-4757-B329-88F7A8001F53}.Debug|Any CPU.ActiveCfg = Debug|Any CPU
		{EA98B493-B30C-4757-B329-88F7A8001F53}.Debug|Any CPU.Build.0 = Debug|Any CPU
		{EA98B493-B30C-4757-B329-88F7A8001F53}.Release|Any CPU.ActiveCfg = Release|Any CPU
		{EA98B493-B30C-4757-B329-88F7A8001F53}.Release|Any CPU.Build.0 = Release|Any CPU
		{F854A7A8-8ACA-4EE4-987B-C365FEED1061}.Debug|Any CPU.ActiveCfg = Debug|Any CPU
		{F854A7A8-8ACA-4EE4-987B-C365FEED1061}.Debug|Any CPU.Build.0 = Debug|Any CPU
		{F854A7A8-8ACA-4EE4-987B-C365FEED1061}.Release|Any CPU.ActiveCfg = Release|Any CPU
		{F854A7A8-8ACA-4EE4-987B-C365FEED1061}.Release|Any CPU.Build.0 = Release|Any CPU
		{687E0F73-392C-4DAC-BA7A-F9C9BED54CF5}.Debug|Any CPU.ActiveCfg = Debug|Any CPU
		{687E0F73-392C-4DAC-BA7A-F9C9BED54CF5}.Debug|Any CPU.Build.0 = Debug|Any CPU
		{687E0F73-392C-4DAC-BA7A-F9C9BED54CF5}.Release|Any CPU.ActiveCfg = Release|Any CPU
		{687E0F73-392C-4DAC-BA7A-F9C9BED54CF5}.Release|Any CPU.Build.0 = Release|Any CPU
	EndGlobalSection
	GlobalSection(SolutionProperties) = preSolution
		HideSolutionNode = FALSE
	EndGlobalSection
	GlobalSection(ExtensibilityGlobals) = postSolution
		SolutionGuid = {E505BF4A-D03F-4C04-A603-F78D8781E591}
	EndGlobalSection
EndGlobal
